PODS:
  - Firebase/Auth (12.13.0):
    - Firebase/CoreOnly
    - FirebaseAuth (~> 12.13.0)
  - Firebase/CoreOnly (12.13.0):
    - FirebaseCore (~> 12.13.0)
  - firebase_auth (6.5.1):
    - Firebase/Auth (~> 12.13.0)
    - Firebase/CoreOnly (~> 12.13.0)
    - firebase_core
    - FlutterMacOS
  - firebase_core (4.9.0):
    - Firebase/CoreOnly (~> 12.13.0)
    - FlutterMacOS
  - FirebaseAppCheckInterop (12.13.0)
  - FirebaseAuth (12.13.0):
    - FirebaseAppCheckInterop (~> 12.13.0)
    - FirebaseAuthInterop (~> 12.13.0)
    - FirebaseCore (~> 12.13.0)
    - FirebaseCoreExtension (~> 12.13.0)
    - GoogleUtilities/AppDelegateSwizzler (~> 8.1)
    - GoogleUtilities/Environment (~> 8.1)
    - GTMSessionFetcher/Core (< 6.0, >= 3.4)
    - RecaptchaInterop (~> 101.0)
  - FirebaseAuthInterop (12.13.0)
  - FirebaseCore (12.13.0):
    - FirebaseCoreInternal (~> 12.13.0)
    - GoogleUtilities/Environment (~> 8.1)
    - GoogleUtilities/Logger (~> 8.1)
  - FirebaseCoreExtension (12.13.0):
    - FirebaseCore (~> 12.13.0)
  - FirebaseCoreInternal (12.13.0):
    - "GoogleUtilities/NSData+zlib (~> 8.1)"
  - flutter_secure_storage_macos (6.1.3):
    - FlutterMacOS
  - FlutterMacOS (1.0.0)
  - GoogleUtilities/AppDelegateSwizzler (8.1.0):
    - GoogleUtilities/Environment
    - GoogleUtilities/Logger
    - GoogleUtilities/Network
    - GoogleUtilities/Privacy
  - GoogleUtilities/Environment (8.1.0):
    - GoogleUtilities/Privacy
  - GoogleUtilities/Logger (8.1.0):
    - GoogleUtilities/Environment
    - GoogleUtilities/Privacy
  - GoogleUtilities/Network (8.1.0):
    - GoogleUtilities/Logger
    - "GoogleUtilities/NSData+zlib"
    - GoogleUtilities/Privacy
    - GoogleUtilities/Reachability
  - "GoogleUtilities/NSData+zlib (8.1.0)":
    - GoogleUtilities/Privacy
  - GoogleUtilities/Privacy (8.1.0)
  - GoogleUtilities/Reachability (8.1.0):
    - GoogleUtilities/Logger
    - GoogleUtilities/Privacy
  - GTMSessionFetcher/Core (5.3.0)
  - shared_preferences_foundation (0.0.1):
    - Flutter
    - FlutterMacOS
  - sqflite_darwin (0.0.4):
    - Flutter
    - FlutterMacOS

DEPENDENCIES:
  - firebase_auth (from `Flutter/ephemeral/.symlinks/plugins/firebase_auth/macos`)
  - firebase_core (from `Flutter/ephemeral/.symlinks/plugins/firebase_core/macos`)
  - flutter_secure_storage_macos (from `Flutter/ephemeral/.symlinks/plugins/flutter_secure_storage_macos/macos`)
  - FlutterMacOS (from `Flutter/ephemeral`)
  - shared_preferences_foundation (from `Flutter/ephemeral/.symlinks/plugins/shared_preferences_foundation/darwin`)
  - sqflite_darwin (from `Flutter/ephemeral/.symlinks/plugins/sqflite_darwin/darwin`)

SPEC REPOS:
  trunk:
    - Firebase
    - FirebaseAppCheckInterop
    - FirebaseAuth
    - FirebaseAuthInterop
    - FirebaseCore
    - FirebaseCoreExtension
    - FirebaseCoreInternal
    - GoogleUtilities
    - GTMSessionFetcher

EXTERNAL SOURCES:
  firebase_auth:
    :path: Flutter/ephemeral/.symlinks/plugins/firebase_auth/macos
  firebase_core:
    :path: Flutter/ephemeral/.symlinks/plugins/firebase_core/macos
  flutter_secure_storage_macos:
    :path: Flutter/ephemeral/.symlinks/plugins/flutter_secure_storage_macos/macos
  FlutterMacOS:
    :path: Flutter/ephemeral
  shared_preferences_foundation:
    :path: Flutter/ephemeral/.symlinks/plugins/shared_preferences_foundation/darwin
  sqflite_darwin:
    :path: Flutter/ephemeral/.symlinks/plugins/sqflite_darwin/darwin

SPEC CHECKSUMS:
  Firebase: 7d62445aeabdaea36f7d372f33052fed9a72514f
  firebase_auth: f512858bd4475955843cfe58267119454bf6a74b
  firebase_core: 8a780c7f989df0ca42dcd55332fc1b203f11f848
  FirebaseAppCheckInterop: db09d7412340fb4b5a8727d4d410e5a5c780dd56
  FirebaseAuth: fedecd40125af7f898ba4f0a328ac9f3a9c3b8c4
  FirebaseAuthInterop: 63d36ca102054d7336f87aec87b1c68a0bab77e0
  FirebaseCore: 58905958aa00a061397a0fd759ae4b55bddb3576
  FirebaseCoreExtension: 5b94169f1ee96ecc2dbde40bc53690e4d65eb652
  FirebaseCoreInternal: 37bee58388fc6d183f0ab1b32d69ae44f2cf8aad
  flutter_secure_storage_macos: 7f45e30f838cf2659862a4e4e3ee1c347c2b3b54
  FlutterMacOS: d0db08ddef1a9af05a5ec4b724367152bb0500b1
  GoogleUtilities: 00c88b9a86066ef77f0da2fab05f65d7768ed8e1
  GTMSessionFetcher: 127211aeec0b1e904fc49f4f6f895dcc535b0ecf
  shared_preferences_foundation: 7036424c3d8ec98dfe75ff1667cb0cd531ec82bb
  sqflite_darwin: 20b2a3a3b70e43edae938624ce550a3cbf66a3d0

PODFILE CHECKSUM: 54d867c82ac51cbd61b565781b9fada492027009

COCOAPODS: 1.16.2
